
Microsoft Visual Studio Solution File, Format Version 12.00
# Visual Studio 15
VisualStudioVersion = 15.0.27130.2010
MinimumVisualStudioVersion = 10.0.40219.1
Project("{9092AA53-FB77-4645-B42D-1CCCA6BD08BD}") = "nodekb1", "nodekb1.njsproj", "{89EE66BD-8670-403E-B4D1-76542CEFE59C}"
EndProject
Global
	GlobalSection(SolutionConfigurationPlatforms) = preSolution
		Debug|Any CPU = Debug|Any CPU
		Release|Any CPU = Release|Any CPU
	EndGlobalSection
	GlobalSection(ProjectConfigurationPlatforms) = postSolution
		{89EE66BD-8670-403E-B4D1-76542CEFE59C}.Debug|Any CPU.ActiveCfg = Debug|Any CPU
		{89EE66BD-8670-403E-B4D1-76542CEFE59C}.Debug|Any CPU.Build.0 = Debug|Any CPU
		{89EE66BD-8670-403E-B4D1-76542CEFE59C}.Release|Any CPU.ActiveCfg = Release|Any CPU
		{89EE66BD-8670-403E-B4D1-76542CEFE59C}.Release|Any CPU.Build.0 = Release|Any CPU
	EndGlobalSection
	GlobalSection(SolutionProperties) = preSolution
		HideSolutionNode = FALSE
	EndGlobalSection
	GlobalSection(ExtensibilityGlobals) = postSolution
		SolutionGuid = {48E6D741-B430-47DB-A5AB-466BD968221D}
	EndGlobalSection
EndGlobal
